
Microsoft Visual Studio Solution File, Format Version 12.00
# Visual Studio 15
VisualStudioVersion = 15.0.28307.539
MinimumVisualStudioVersion = 10.0.40219.1
Project("{FAE04EC0-301F-11D3-BF4B-00C04F79EFBC}") = "Presentation", "Presentation\Presentation.csproj", "{135D8B82-244C-46FC-B5E3-2E5BE825C0DC}"
EndProject
Global
	GlobalSection(SolutionConfigurationPlatforms) = preSolution
		Debug|Any CPU = Debug|Any CPU
		Release|Any CPU = Release|Any CPU
	EndGlobalSection
	GlobalSection(ProjectConfigurationPlatforms) = postSolution
		{135D8B82-244C-46FC-B5E3-2E5BE825C0DC}.Debug|Any CPU.ActiveCfg = Debug|Any CPU
		{135D8B82-244C-46FC-B5E3-2E5BE825C0DC}.Debug|Any CPU.Build.0 = Debug|Any CPU
		{135D8B82-244C-46FC-B5E3-2E5BE825C0DC}.Release|Any CPU.ActiveCfg = Release|Any CPU
		{135D8B82-244C-46FC-B5E3-2E5BE825C0DC}.Release|Any CPU.Build.0 = Release|Any CPU
	EndGlobalSection
	GlobalSection(SolutionProperties) = preSolution
		HideSolutionNode = FALSE
	EndGlobalSection
	GlobalSection(ExtensibilityGlobals) = postSolution
		SolutionGuid = {9FA64127-C9E0-4A8A-89FF-ACC684929623}
	EndGlobalSection
EndGlobal
